
Microsoft Visual Studio Solution File, Format Version 12.00
# Visual Studio Version 17
VisualStudioVersion = 17.12.35527.113 d17.12
MinimumVisualStudioVersion = 10.0.40219.1
Project("{FAE04EC0-301F-11D3-BF4B-00C04F79EFBC}") = "E-Commerce.Web", "E-Commerce.Web\E-Commerce.Web.csproj", "{BD94C887-8D4C-4A03-B329-F9F7551A3A63}"
EndProject
Project("{2150E333-8FDC-42A3-9474-1A3956D46DE8}") = "Core", "Core", "{B58F32B6-8E11-4B1D-8A91-3237897F00A6}"
EndProject
Project("{FAE04EC0-301F-11D3-BF4B-00C04F79EFBC}") = "DomainLayer", "Core\DomainLayer\DomainLayer.csproj", "{DF82AFED-1D5B-45D6-BFD2-43EBE62C1CCE}"
EndProject
Project("{FAE04EC0-301F-11D3-BF4B-00C04F79EFBC}") = "Service", "Core\Service\Service.csproj", "{8C303C85-B566-451B-B55A-360FCDFAA9C9}"
EndProject
Project("{FAE04EC0-301F-11D3-BF4B-00C04F79EFBC}") = "ServiceAbstraction", "Core\ServiceAbstraction\ServiceAbstraction.csproj", "{1D9FF907-422A-4CF8-B95B-EE202514349F}"
EndProject
Project("{2150E333-8FDC-42A3-9474-1A3956D46DE8}") = "Infrastrucure", "Infrastrucure", "{7DB6929C-88E2-4D65-AA71-E7CA10CFC9D4}"
EndProject
Project("{FAE04EC0-301F-11D3-BF4B-00C04F79EFBC}") = "Persistence", "Infrastrucure\Persistence\Persistence.csproj", "{B5F3A257-2846-48F6-9CDB-EF02E64F3AE2}"
EndProject
Project("{FAE04EC0-301F-11D3-BF4B-00C04F79EFBC}") = "Presentation", "Infrastrucure\Presentation\Presentation.csproj", "{9E2C18E0-CE11-4CE3-90AF-2CCFBC50BCB4}"
EndProject
Project("{FAE04EC0-301F-11D3-BF4B-00C04F79EFBC}") = "Shared", "Shared\Shared.csproj", "{7F0AC026-670A-47F9-B24C-BCF95AEF25A6}"
EndProject
Global
	GlobalSection(SolutionConfigurationPlatforms) = preSolution
		Debug|Any CPU = Debug|Any CPU
		Release|Any CPU = Release|Any CPU
	EndGlobalSection
	GlobalSection(ProjectConfigurationPlatforms) = postSolution
		{BD94C887-8D4C-4A03-B329-F9F7551A3A63}.Debug|Any CPU.ActiveCfg = Debug|Any CPU
		{BD94C887-8D4C-4A03-B329-F9F7551A3A63}.Debug|Any CPU.Build.0 = Debug|Any CPU
		{BD94C887-8D4C-4A03-B329-F9F7551A3A63}.Release|Any CPU.ActiveCfg = Release|Any CPU
		{BD94C887-8D4C-4A03-B329-F9F7551A3A63}.Release|Any CPU.Build.0 = Release|Any CPU
		{DF82AFED-1D5B-45D6-BFD2-43EBE62C1CCE}.Debug|Any CPU.ActiveCfg = Debug|Any CPU
		{DF82AFED-1D5B-45D6-BFD2-43EBE62C1CCE}.Debug|Any CPU.Build.0 = Debug|Any CPU
		{DF82AFED-1D5B-45D6-BFD2-43EBE62C1CCE}.Release|Any CPU.ActiveCfg = Release|Any CPU
		{DF82AFED-1D5B-45D6-BFD2-43EBE62C1CCE}.Release|Any CPU.Build.0 = Release|Any CPU
		{8C303C85-B566-451B-B55A-360FCDFAA9C9}.Debug|Any CPU.ActiveCfg = Debug|Any CPU
		{8C303C85-B566-451B-B55A-360FCDFAA9C9}.Debug|Any CPU.Build.0 = Debug|Any CPU
		{8C303C85-B566-451B-B55A-360FCDFAA9C9}.Release|Any CPU.ActiveCfg = Release|Any CPU
		{8C303C85-B566-451B-B55A-360FCDFAA9C9}.Release|Any CPU.Build.0 = Release|Any CPU
		{1D9FF907-422A-4CF8-B95B-EE202514349F}.Debug|Any CPU.ActiveCfg = Debug|Any CPU
		{1D9FF907-422A-4CF8-B95B-EE202514349F}.Debug|Any CPU.Build.0 = Debug|Any CPU
		{1D9FF907-422A-4CF8-B95B-EE202514349F}.Release|Any CPU.ActiveCfg = Release|Any CPU
		{1D9FF907-422A-4CF8-B95B-EE202514349F}.Release|Any CPU.Build.0 = Release|Any CPU
		{B5F3A257-2846-48F6-9CDB-EF02E64F3AE2}.Debug|Any CPU.ActiveCfg = Debug|Any CPU
		{B5F3A257-2846-48F6-9CDB-EF02E64F3AE2}.Debug|Any CPU.Build.0 = Debug|Any CPU
		{B5F3A257-2846-48F6-9CDB-EF02E64F3AE2}.Release|Any CPU.ActiveCfg = Release|Any CPU
		{B5F3A257-2846-48F6-9CDB-EF02E64F3AE2}.Release|Any CPU.Build.0 = Release|Any CPU
		{9E2C18E0-CE11-4CE3-90AF-2CCFBC50BCB4}.Debug|Any CPU.ActiveCfg = Debug|Any CPU
		{9E2C18E0-CE11-4CE3-90AF-2CCFBC50BCB4}.Debug|Any CPU.Build.0 = Debug|Any CPU
		{9E2C18E0-CE11-4CE3-90AF-2CCFBC50BCB4}.Release|Any CPU.ActiveCfg = Release|Any CPU
		{9E2C18E0-CE11-4CE3-90AF-2CCFBC50BCB4}.Release|Any CPU.Build.0 = Release|Any CPU
		{7F0AC026-670A-47F9-B24C-BCF95AEF25A6}.Debug|Any CPU.ActiveCfg = Debug|Any CPU
		{7F0AC026-670A-47F9-B24C-BCF95AEF25A6}.Debug|Any CPU.Build.0 = Debug|Any CPU
		{7F0AC026-670A-47F9-B24C-BCF95AEF25A6}.Release|Any CPU.ActiveCfg = Release|Any CPU
		{7F0AC026-670A-47F9-B24C-BCF95AEF25A6}.Release|Any CPU.Build.0 = Release|Any CPU
	EndGlobalSection
	GlobalSection(SolutionProperties) = preSolution
		HideSolutionNode = FALSE
	EndGlobalSection
	GlobalSection(NestedProjects) = preSolution
		{DF82AFED-1D5B-45D6-BFD2-43EBE62C1CCE} = {B58F32B6-8E11-4B1D-8A91-3237897F00A6}
		{8C303C85-B566-451B-B55A-360FCDFAA9C9} = {B58F32B6-8E11-4B1D-8A91-3237897F00A6}
		{1D9FF907-422A-4CF8-B95B-EE202514349F} = {B58F32B6-8E11-4B1D-8A91-3237897F00A6}
		{B5F3A257-2846-48F6-9CDB-EF02E64F3AE2} = {7DB6929C-88E2-4D65-AA71-E7CA10CFC9D4}
		{9E2C18E0-CE11-4CE3-90AF-2CCFBC50BCB4} = {7DB6929C-88E2-4D65-AA71-E7CA10CFC9D4}
	EndGlobalSection
EndGlobal
